
Microsoft Visual Studio Solution File, Format Version 12.00
# Visual Studio 2013
VisualStudioVersion = 12.0.31101.0
MinimumVisualStudioVersion = 10.0.40219.1
Project("{FAE04EC0-301F-11D3-BF4B-00C04F79EFBC}") = "SportsStore.Domain", "SportsStore.Domain\SportsStore.Domain.csproj", "{6124D193-AAB6-4B26-BD9C-CC2AA187EC0A}"
EndProject
Project("{FAE04EC0-301F-11D3-BF4B-00C04F79EFBC}") = "SportsStore.WebUI", "SportsStore.WebUI\SportsStore.WebUI.csproj", "{BECD4BEA-0880-4B3D-B3BB-588B9722F634}"
EndProject
Project("{FAE04EC0-301F-11D3-BF4B-00C04F79EFBC}") = "SportsStore.UnitTests", "SportsStore.UnitTests\SportsStore.UnitTests.csproj", "{AE288869-2FF5-45D9-8D75-ADCBC6128031}"
EndProject
Global
	GlobalSection(SolutionConfigurationPlatforms) = preSolution
		Debug|Any CPU = Debug|Any CPU
		Release|Any CPU = Release|Any CPU
	EndGlobalSection
	GlobalSection(ProjectConfigurationPlatforms) = postSolution
		{6124D193-AAB6-4B26-BD9C-CC2AA187EC0A}.Debug|Any CPU.ActiveCfg = Debug|Any CPU
		{6124D193-AAB6-4B26-BD9C-CC2AA187EC0A}.Debug|Any CPU.Build.0 = Debug|Any CPU
		{6124D193-AAB6-4B26-BD9C-CC2AA187EC0A}.Release|Any CPU.ActiveCfg = Release|Any CPU
		{6124D193-AAB6-4B26-BD9C-CC2AA187EC0A}.Release|Any CPU.Build.0 = Release|Any CPU
		{BECD4BEA-0880-4B3D-B3BB-588B9722F634}.Debug|Any CPU.ActiveCfg = Debug|Any CPU
		{BECD4BEA-0880-4B3D-B3BB-588B9722F634}.Debug|Any CPU.Build.0 = Debug|Any CPU
		{BECD4BEA-0880-4B3D-B3BB-588B9722F634}.Release|Any CPU.ActiveCfg = Release|Any CPU
		{BECD4BEA-0880-4B3D-B3BB-588B9722F634}.Release|Any CPU.Build.0 = Release|Any CPU
		{AE288869-2FF5-45D9-8D75-ADCBC6128031}.Debug|Any CPU.ActiveCfg = Debug|Any CPU
		{AE288869-2FF5-45D9-8D75-ADCBC6128031}.Debug|Any CPU.Build.0 = Debug|Any CPU
		{AE288869-2FF5-45D9-8D75-ADCBC6128031}.Release|Any CPU.ActiveCfg = Release|Any CPU
		{AE288869-2FF5-45D9-8D75-ADCBC6128031}.Release|Any CPU.Build.0 = Release|Any CPU
	EndGlobalSection
	GlobalSection(SolutionProperties) = preSolution
		HideSolutionNode = FALSE
	EndGlobalSection
EndGlobal
